
Microsoft Visual Studio Solution File, Format Version 12.00
# Visual Studio Version 17
VisualStudioVersion = 17.1.31911.260
MinimumVisualStudioVersion = 10.0.40219.1
Project("{9A19103F-16F7-4668-BE54-9A1E7A4F7556}") = "Keda.Scaler.DurableTask.AzureStorage", "Keda.Scaler.DurableTask.AzureStorage\Keda.Scaler.DurableTask.AzureStorage.csproj", "{1536D38D-D145-4BA4-BEB8-39E1A11DECBE}"
EndProject
Project("{2150E333-8FDC-42A3-9474-1A3956D46DE8}") = "Common", "Common", "{9944A29F-262F-44BE-BA5C-A3CDCCCE5543}"
	ProjectSection(SolutionItems) = preProject
		.editorconfig = .editorconfig
		Directory.Build.props = Directory.Build.props
	EndProjectSection
EndProject
Global
	GlobalSection(SolutionConfigurationPlatforms) = preSolution
		Debug|Any CPU = Debug|Any CPU
		Release|Any CPU = Release|Any CPU
	EndGlobalSection
	GlobalSection(ProjectConfigurationPlatforms) = postSolution
		{1536D38D-D145-4BA4-BEB8-39E1A11DECBE}.Debug|Any CPU.ActiveCfg = Debug|Any CPU
		{1536D38D-D145-4BA4-BEB8-39E1A11DECBE}.Debug|Any CPU.Build.0 = Debug|Any CPU
		{1536D38D-D145-4BA4-BEB8-39E1A11DECBE}.Release|Any CPU.ActiveCfg = Release|Any CPU
		{1536D38D-D145-4BA4-BEB8-39E1A11DECBE}.Release|Any CPU.Build.0 = Release|Any CPU
	EndGlobalSection
	GlobalSection(SolutionProperties) = preSolution
		HideSolutionNode = FALSE
	EndGlobalSection
	GlobalSection(ExtensibilityGlobals) = postSolution
		SolutionGuid = {FD5C70A3-C248-4A20-856C-CF38A2CDDEDA}
	EndGlobalSection
EndGlobal
